
Microsoft Visual Studio Solution File, Format Version 12.00
# Visual Studio Version 16
VisualStudioVersion = 16.0.31911.196
MinimumVisualStudioVersion = 10.0.40219.1
Project("{9A19103F-16F7-4668-BE54-9A1E7A4F7556}") = "Sarlaft.Services", "Sarlaft.Services\Sarlaft.Services.csproj", "{1E5A5129-8B73-45D0-BAB7-B172181F9061}"
EndProject
Project("{9A19103F-16F7-4668-BE54-9A1E7A4F7556}") = "Sarlaft.Core", "Sarlaft.Core\Sarlaft.Core.csproj", "{36E9ED35-555D-4658-BBC6-8EF556231DF8}"
EndProject
Project("{FAE04EC0-301F-11D3-BF4B-00C04F79EFBC}") = "Sarlaft.Domain", "Sarlaft.Domain\Sarlaft.Domain.csproj", "{2A0C0759-776C-4D99-A278-2BE72D3E3DD7}"
EndProject
Global
	GlobalSection(SolutionConfigurationPlatforms) = preSolution
		Debug|Any CPU = Debug|Any CPU
		Release|Any CPU = Release|Any CPU
	EndGlobalSection
	GlobalSection(ProjectConfigurationPlatforms) = postSolution
		{1E5A5129-8B73-45D0-BAB7-B172181F9061}.Debug|Any CPU.ActiveCfg = Debug|Any CPU
		{1E5A5129-8B73-45D0-BAB7-B172181F9061}.Debug|Any CPU.Build.0 = Debug|Any CPU
		{1E5A5129-8B73-45D0-BAB7-B172181F9061}.Release|Any CPU.ActiveCfg = Release|Any CPU
		{1E5A5129-8B73-45D0-BAB7-B172181F9061}.Release|Any CPU.Build.0 = Release|Any CPU
		{36E9ED35-555D-4658-BBC6-8EF556231DF8}.Debug|Any CPU.ActiveCfg = Debug|Any CPU
		{36E9ED35-555D-4658-BBC6-8EF556231DF8}.Debug|Any CPU.Build.0 = Debug|Any CPU
		{36E9ED35-555D-4658-BBC6-8EF556231DF8}.Release|Any CPU.ActiveCfg = Release|Any CPU
		{36E9ED35-555D-4658-BBC6-8EF556231DF8}.Release|Any CPU.Build.0 = Release|Any CPU
		{2A0C0759-776C-4D99-A278-2BE72D3E3DD7}.Debug|Any CPU.ActiveCfg = Debug|Any CPU
		{2A0C0759-776C-4D99-A278-2BE72D3E3DD7}.Debug|Any CPU.Build.0 = Debug|Any CPU
		{2A0C0759-776C-4D99-A278-2BE72D3E3DD7}.Release|Any CPU.ActiveCfg = Release|Any CPU
		{2A0C0759-776C-4D99-A278-2BE72D3E3DD7}.Release|Any CPU.Build.0 = Release|Any CPU
	EndGlobalSection
	GlobalSection(SolutionProperties) = preSolution
		HideSolutionNode = FALSE
	EndGlobalSection
	GlobalSection(ExtensibilityGlobals) = postSolution
		SolutionGuid = {BFA8C992-1A1E-4313-80A5-BD1BC6E7B4DF}
	EndGlobalSection
EndGlobal
